
Microsoft Visual Studio Solution File, Format Version 12.00
# Visual Studio Version 16
VisualStudioVersion = 16.0.29509.3
MinimumVisualStudioVersion = 10.0.40219.1
Project("{FAE04EC0-301F-11D3-BF4B-00C04F79EFBC}") = "InFlowChat", "InFlowChat\InFlowChat.csproj", "{C2E185CF-6E50-495E-AD98-1867BABDDDC6}"
EndProject
Global
	GlobalSection(SolutionConfigurationPlatforms) = preSolution
		Debug|Any CPU = Debug|Any CPU
		Release|Any CPU = Release|Any CPU
	EndGlobalSection
	GlobalSection(ProjectConfigurationPlatforms) = postSolution
		{C2E185CF-6E50-495E-AD98-1867BABDDDC6}.Debug|Any CPU.ActiveCfg = Debug|Any CPU
		{C2E185CF-6E50-495E-AD98-1867BABDDDC6}.Debug|Any CPU.Build.0 = Debug|Any CPU
		{C2E185CF-6E50-495E-AD98-1867BABDDDC6}.Release|Any CPU.ActiveCfg = Release|Any CPU
		{C2E185CF-6E50-495E-AD98-1867BABDDDC6}.Release|Any CPU.Build.0 = Release|Any CPU
	EndGlobalSection
	GlobalSection(SolutionProperties) = preSolution
		HideSolutionNode = FALSE
	EndGlobalSection
	GlobalSection(ExtensibilityGlobals) = postSolution
		SolutionGuid = {3FAB162D-35FC-4891-98C8-0F43F4331E3A}
	EndGlobalSection
EndGlobal
